
Microsoft Visual Studio Solution File, Format Version 12.00
# Visual Studio 15
VisualStudioVersion = 15.0.28307.329
MinimumVisualStudioVersion = 10.0.40219.1
Project("{FAE04EC0-301F-11D3-BF4B-00C04F79EFBC}") = "TreeGeneric.Model", "TreeGeneric.Model\TreeGeneric.Model.csproj", "{F8B7D3AB-23EE-4645-B4C3-05541304E0E4}"
EndProject
Project("{FAE04EC0-301F-11D3-BF4B-00C04F79EFBC}") = "TreeGeneric.BusinessLogic", "TreeGeneric.BusinessLogic\TreeGeneric.BusinessLogic.csproj", "{BB07353B-B7F1-42C9-9011-C8A38BD1635C}"
EndProject
Project("{FAE04EC0-301F-11D3-BF4B-00C04F79EFBC}") = "TreeGeneric.UI", "TreeGeneric.UI\TreeGeneric.UI.csproj", "{1BF81D72-3AF5-47F6-9B24-366C89442314}"
EndProject
Project("{FAE04EC0-301F-11D3-BF4B-00C04F79EFBC}") = "TreeGeneric.Data", "TreeGeneric.Data\TreeGeneric.Data.csproj", "{0C1DD46A-546E-430A-AB81-B2E4AA348025}"
EndProject
Global
	GlobalSection(SolutionConfigurationPlatforms) = preSolution
		Debug|Any CPU = Debug|Any CPU
		Release|Any CPU = Release|Any CPU
	EndGlobalSection
	GlobalSection(ProjectConfigurationPlatforms) = postSolution
		{F8B7D3AB-23EE-4645-B4C3-05541304E0E4}.Debug|Any CPU.ActiveCfg = Debug|Any CPU
		{F8B7D3AB-23EE-4645-B4C3-05541304E0E4}.Debug|Any CPU.Build.0 = Debug|Any CPU
		{F8B7D3AB-23EE-4645-B4C3-05541304E0E4}.Release|Any CPU.ActiveCfg = Release|Any CPU
		{F8B7D3AB-23EE-4645-B4C3-05541304E0E4}.Release|Any CPU.Build.0 = Release|Any CPU
		{BB07353B-B7F1-42C9-9011-C8A38BD1635C}.Debug|Any CPU.ActiveCfg = Debug|Any CPU
		{BB07353B-B7F1-42C9-9011-C8A38BD1635C}.Debug|Any CPU.Build.0 = Debug|Any CPU
		{BB07353B-B7F1-42C9-9011-C8A38BD1635C}.Release|Any CPU.ActiveCfg = Release|Any CPU
		{BB07353B-B7F1-42C9-9011-C8A38BD1635C}.Release|Any CPU.Build.0 = Release|Any CPU
		{1BF81D72-3AF5-47F6-9B24-366C89442314}.Debug|Any CPU.ActiveCfg = Debug|Any CPU
		{1BF81D72-3AF5-47F6-9B24-366C89442314}.Debug|Any CPU.Build.0 = Debug|Any CPU
		{1BF81D72-3AF5-47F6-9B24-366C89442314}.Release|Any CPU.ActiveCfg = Release|Any CPU
		{1BF81D72-3AF5-47F6-9B24-366C89442314}.Release|Any CPU.Build.0 = Release|Any CPU
		{0C1DD46A-546E-430A-AB81-B2E4AA348025}.Debug|Any CPU.ActiveCfg = Debug|Any CPU
		{0C1DD46A-546E-430A-AB81-B2E4AA348025}.Debug|Any CPU.Build.0 = Debug|Any CPU
		{0C1DD46A-546E-430A-AB81-B2E4AA348025}.Release|Any CPU.ActiveCfg = Release|Any CPU
		{0C1DD46A-546E-430A-AB81-B2E4AA348025}.Release|Any CPU.Build.0 = Release|Any CPU
	EndGlobalSection
	GlobalSection(SolutionProperties) = preSolution
		HideSolutionNode = FALSE
	EndGlobalSection
	GlobalSection(ExtensibilityGlobals) = postSolution
		SolutionGuid = {9CAB5EC4-FC17-4FD3-BF42-6BCB50347764}
	EndGlobalSection
EndGlobal
